// !$*UTF8*$!
{
	archiveVersion = 1;
	classes = {
	};
	objectVersion = 50;
	objects = {

/* Begin PBXBuildFile section */
		8302FF43221929E200EB6DD9 /* AppDelegate.swift in Sources */ = {isa = PBXBuildFile; fileRef = 8302FF42221929E200EB6DD9 /* AppDelegate.swift */; };
		8302FF45221929E200EB6DD9 /* ListViewController.swift in Sources */ = {isa = PBXBuildFile; fileRef = 8302FF44221929E200EB6DD9 /* ListViewController.swift */; };
		8302FF4A221929E300EB6DD9 /* Assets.xcassets in Resources */ = {isa = PBXBuildFile; fileRef = 8302FF49221929E300EB6DD9 /* Assets.xcassets */; };
		8302FF4D221929E300EB6DD9 /* LaunchScreen.storyboard in Resources */ = {isa = PBXBuildFile; fileRef = 8302FF4B221929E300EB6DD9 /* LaunchScreen.storyboard */; };
		8302FF5522192AAE00EB6DD9 /* DetailsViewController.swift in Sources */ = {isa = PBXBuildFile; fileRef = 8302FF5422192AAE00EB6DD9 /* DetailsViewController.swift */; };
		8302FF5722192ADC00EB6DD9 /* ContentFileViewController.swift in Sources */ = {isa = PBXBuildFile; fileRef = 8302FF5622192ADC00EB6DD9 /* ContentFileViewController.swift */; };
		8302FF5922192DA300EB6DD9 /* File.swift in Sources */ = {isa = PBXBuildFile; fileRef = 8302FF5822192DA300EB6DD9 /* File.swift */; };
		831E94102219812D00001F94 /* Down.framework in Frameworks */ = {isa = PBXBuildFile; fileRef = 831E940E2219812D00001F94 /* Down.framework */; };
		831E94112219812D00001F94 /* SnapKit.framework in Frameworks */ = {isa = PBXBuildFile; fileRef = 831E940F2219812D00001F94 /* SnapKit.framework */; };
		831E94142219886F00001F94 /* FlowController.swift in Sources */ = {isa = PBXBuildFile; fileRef = 831E94132219886F00001F94 /* FlowController.swift */; };
		831E941F2219913100001F94 /* RepositoryCell.swift in Sources */ = {isa = PBXBuildFile; fileRef = 831E941E2219913100001F94 /* RepositoryCell.swift */; };
		831E94212219934F00001F94 /* Repository.swift in Sources */ = {isa = PBXBuildFile; fileRef = 831E94202219934F00001F94 /* Repository.swift */; };
		831E9423221996B500001F94 /* RepositoryViewModel.swift in Sources */ = {isa = PBXBuildFile; fileRef = 831E9422221996B500001F94 /* RepositoryViewModel.swift */; };
		838FEC60221938AB00B57515 /* String+Extensions.swift in Sources */ = {isa = PBXBuildFile; fileRef = 838FEC5F221938AB00B57515 /* String+Extensions.swift */; };
/* End PBXBuildFile section */

/* Begin PBXFileReference section */
		8302FF3F221929E200EB6DD9 /* Repository.app */ = {isa = PBXFileReference; explicitFileType = wrapper.application; includeInIndex = 0; path = Repository.app; sourceTree = BUILT_PRODUCTS_DIR; };
		8302FF42221929E200EB6DD9 /* AppDelegate.swift */ = {isa = PBXFileReference; lastKnownFileType = sourcecode.swift; path = AppDelegate.swift; sourceTree = "<group>"; };
		8302FF44221929E200EB6DD9 /* ListViewController.swift */ = {isa = PBXFileReference; lastKnownFileType = sourcecode.swift; path = ListViewController.swift; sourceTree = "<group>"; };
		8302FF49221929E300EB6DD9 /* Assets.xcassets */ = {isa = PBXFileReference; lastKnownFileType = folder.assetcatalog; path = Assets.xcassets; sourceTree = "<group>"; };
		8302FF4C221929E300EB6DD9 /* Base */ = {isa = PBXFileReference; lastKnownFileType = file.storyboard; name = Base; path = Base.lproj/LaunchScreen.storyboard; sourceTree = "<group>"; };
		8302FF4E221929E300EB6DD9 /* Info.plist */ = {isa = PBXFileReference; lastKnownFileType = text.plist.xml; path = Info.plist; sourceTree = "<group>"; };
		8302FF5422192AAE00EB6DD9 /* DetailsViewController.swift */ = {isa = PBXFileReference; lastKnownFileType = sourcecode.swift; path = DetailsViewController.swift; sourceTree = "<group>"; };
		8302FF5622192ADC00EB6DD9 /* ContentFileViewController.swift */ = {isa = PBXFileReference; lastKnownFileType = sourcecode.swift; path = ContentFileViewController.swift; sourceTree = "<group>"; };
		8302FF5822192DA300EB6DD9 /* File.swift */ = {isa = PBXFileReference; lastKnownFileType = sourcecode.swift; path = File.swift; sourceTree = "<group>"; };
		831E940E2219812D00001F94 /* Down.framework */ = {isa = PBXFileReference; lastKnownFileType = wrapper.framework; name = Down.framework; path = Carthage/Build/iOS/Down.framework; sourceTree = "<group>"; };
		831E940F2219812D00001F94 /* SnapKit.framework */ = {isa = PBXFileReference; lastKnownFileType = wrapper.framework; name = SnapKit.framework; path = Carthage/Build/iOS/SnapKit.framework; sourceTree = "<group>"; };
		831E94132219886F00001F94 /* FlowController.swift */ = {isa = PBXFileReference; lastKnownFileType = sourcecode.swift; path = FlowController.swift; sourceTree = "<group>"; };
		831E941E2219913100001F94 /* RepositoryCell.swift */ = {isa = PBXFileReference; lastKnownFileType = sourcecode.swift; path = RepositoryCell.swift; sourceTree = "<group>"; };
		831E94202219934F00001F94 /* Repository.swift */ = {isa = PBXFileReference; lastKnownFileType = sourcecode.swift; path = Repository.swift; sourceTree = "<group>"; };
		831E9422221996B500001F94 /* RepositoryViewModel.swift */ = {isa = PBXFileReference; lastKnownFileType = sourcecode.swift; path = RepositoryViewModel.swift; sourceTree = "<group>"; };
		838FEC5F221938AB00B57515 /* String+Extensions.swift */ = {isa = PBXFileReference; lastKnownFileType = sourcecode.swift; path = "String+Extensions.swift"; sourceTree = "<group>"; };
/* End PBXFileReference section */

/* Begin PBXFrameworksBuildPhase section */
		8302FF3C221929E200EB6DD9 /* Frameworks */ = {
			isa = PBXFrameworksBuildPhase;
			buildActionMask = 2147483647;
			files = (
				831E94102219812D00001F94 /* Down.framework in Frameworks */,
				831E94112219812D00001F94 /* SnapKit.framework in Frameworks */,
			);
			runOnlyForDeploymentPostprocessing = 0;
		};
/* End PBXFrameworksBuildPhase section */

/* Begin PBXGroup section */
		8302FF36221929E200EB6DD9 = {
			isa = PBXGroup;
			children = (
				8302FF41221929E200EB6DD9 /* Repository */,
				8302FF40221929E200EB6DD9 /* Products */,
				831E940D2219812D00001F94 /* Frameworks */,
			);
			sourceTree = "<group>";
		};
		8302FF40221929E200EB6DD9 /* Products */ = {
			isa = PBXGroup;
			children = (
				8302FF3F221929E200EB6DD9 /* Repository.app */,
			);
			name = Products;
			sourceTree = "<group>";
		};
		8302FF41221929E200EB6DD9 /* Repository */ = {
			isa = PBXGroup;
			children = (
				831E941822198D6900001F94 /* Assets */,
				831E941722198D5D00001F94 /* Config */,
				831E941922198D7F00001F94 /* Main */,
				831E941B22198DAF00001F94 /* Use Case */,
				831E941C22198DDC00001F94 /* Models */,
				831E941D22198DE900001F94 /* Helpers */,
			);
			path = Repository;
			sourceTree = "<group>";
		};
		831E940D2219812D00001F94 /* Frameworks */ = {
			isa = PBXGroup;
			children = (
				831E940E2219812D00001F94 /* Down.framework */,
				831E940F2219812D00001F94 /* SnapKit.framework */,
			);
			name = Frameworks;
			sourceTree = "<group>";
		};
		831E941522198D3700001F94 /* List Repositories */ = {
			isa = PBXGroup;
			children = (
				8302FF44221929E200EB6DD9 /* ListViewController.swift */,
				831E941E2219913100001F94 /* RepositoryCell.swift */,
				831E9422221996B500001F94 /* RepositoryViewModel.swift */,
			);
			path = "List Repositories";
			sourceTree = "<group>";
		};
		831E941622198D4900001F94 /* Show Repository Details */ = {
			isa = PBXGroup;
			children = (
				8302FF5422192AAE00EB6DD9 /* DetailsViewController.swift */,
			);
			path = "Show Repository Details";
			sourceTree = "<group>";
		};
		831E941722198D5D00001F94 /* Config */ = {
			isa = PBXGroup;
			children = (
				8302FF4E221929E300EB6DD9 /* Info.plist */,
			);
			path = Config;
			sourceTree = "<group>";
		};
		831E941822198D6900001F94 /* Assets */ = {
			isa = PBXGroup;
			children = (
				8302FF49221929E300EB6DD9 /* Assets.xcassets */,
				8302FF4B221929E300EB6DD9 /* LaunchScreen.storyboard */,
			);
			path = Assets;
			sourceTree = "<group>";
		};
		831E941922198D7F00001F94 /* Main */ = {
			isa = PBXGroup;
			children = (
				831E94132219886F00001F94 /* FlowController.swift */,
				8302FF42221929E200EB6DD9 /* AppDelegate.swift */,
			);
			path = Main;
			sourceTree = "<group>";
		};
		831E941A22198D9100001F94 /* Show Readme Content */ = {
			isa = PBXGroup;
			children = (
				8302FF5622192ADC00EB6DD9 /* ContentFileViewController.swift */,
			);
			path = "Show Readme Content";
			sourceTree = "<group>";
		};
		831E941B22198DAF00001F94 /* Use Case */ = {
			isa = PBXGroup;
			children = (
				831E941522198D3700001F94 /* List Repositories */,
				831E941622198D4900001F94 /* Show Repository Details */,
				831E941A22198D9100001F94 /* Show Readme Content */,
			);
			path = "Use Case";
			sourceTree = "<group>";
		};
		831E941C22198DDC00001F94 /* Models */ = {
			isa = PBXGroup;
			children = (
				8302FF5822192DA300EB6DD9 /* File.swift */,
				831E94202219934F00001F94 /* Repository.swift */,
			);
			path = Models;
			sourceTree = "<group>";
		};
		831E941D22198DE900001F94 /* Helpers */ = {
			isa = PBXGroup;
			children = (
				838FEC5F221938AB00B57515 /* String+Extensions.swift */,
			);
			path = Helpers;
			sourceTree = "<group>";
		};
/* End PBXGroup section */

/* Begin PBXNativeTarget section */
		8302FF3E221929E200EB6DD9 /* Repository */ = {
			isa = PBXNativeTarget;
			buildConfigurationList = 8302FF51221929E300EB6DD9 /* Build configuration list for PBXNativeTarget "Repository" */;
			buildPhases = (
				8302FF3B221929E200EB6DD9 /* Sources */,
				8302FF3C221929E200EB6DD9 /* Frameworks */,
				8302FF3D221929E200EB6DD9 /* Resources */,
				831E94122219813500001F94 /* Carthage */,
			);
			buildRules = (
			);
			dependencies = (
			);
			name = Repository;
			productName = Repository;
			productReference = 8302FF3F221929E200EB6DD9 /* Repository.app */;
			productType = "com.apple.product-type.application";
		};
/* End PBXNativeTarget section */

/* Begin PBXProject section */
		8302FF37221929E200EB6DD9 /* Project object */ = {
			isa = PBXProject;
			attributes = {
				LastSwiftUpdateCheck = 1010;
				LastUpgradeCheck = 1010;
				ORGANIZATIONNAME = "Mihai Cristescu";
				TargetAttributes = {
					8302FF3E221929E200EB6DD9 = {
						CreatedOnToolsVersion = 10.1;
					};
				};
			};
			buildConfigurationList = 8302FF3A221929E200EB6DD9 /* Build configuration list for PBXProject "Repository" */;
			compatibilityVersion = "Xcode 9.3";
			developmentRegion = en;
			hasScannedForEncodings = 0;
			knownRegions = (
				en,
				Base,
			);
			mainGroup = 8302FF36221929E200EB6DD9;
			productRefGroup = 8302FF40221929E200EB6DD9 /* Products */;
			projectDirPath = "";
			projectRoot = "";
			targets = (
				8302FF3E221929E200EB6DD9 /* Repository */,
			);
		};
/* End PBXProject section */

/* Begin PBXResourcesBuildPhase section */
		8302FF3D221929E200EB6DD9 /* Resources */ = {
			isa = PBXResourcesBuildPhase;
			buildActionMask = 2147483647;
			files = (
				8302FF4D221929E300EB6DD9 /* LaunchScreen.storyboard in Resources */,
				8302FF4A221929E300EB6DD9 /* Assets.xcassets in Resources */,
			);
			runOnlyForDeploymentPostprocessing = 0;
		};
/* End PBXResourcesBuildPhase section */

/* Begin PBXShellScriptBuildPhase section */
		831E94122219813500001F94 /* Carthage */ = {
			isa = PBXShellScriptBuildPhase;
			buildActionMask = 2147483647;
			files = (
			);
			inputFileListPaths = (
			);
			inputPaths = (
				"$(SRCROOT)/Carthage/Build/iOS/Down.framework",
				"$(SRCROOT)/Carthage/Build/iOS/SnapKit.framework",
			);
			name = Carthage;
			outputFileListPaths = (
			);
			outputPaths = (
				"$(BUILT_PRODUCTS_DIR)/$(FRAMEWORKS_FOLDER_PATH)/Down.framework",
				"$(BUILT_PRODUCTS_DIR)/$(FRAMEWORKS_FOLDER_PATH)/SnapKit.framework",
			);
			runOnlyForDeploymentPostprocessing = 0;
			shellPath = /bin/sh;
			shellScript = "# Type a script or drag a script file from your workspace to insert its path.\n/usr/local/bin/carthage copy-frameworks\n";
		};
/* End PBXShellScriptBuildPhase section */

/* Begin PBXSourcesBuildPhase section */
		8302FF3B221929E200EB6DD9 /* Sources */ = {
			isa = PBXSourcesBuildPhase;
			buildActionMask = 2147483647;
			files = (
				831E94142219886F00001F94 /* FlowController.swift in Sources */,
				8302FF45221929E200EB6DD9 /* ListViewController.swift in Sources */,
				831E9423221996B500001F94 /* RepositoryViewModel.swift in Sources */,
				8302FF43221929E200EB6DD9 /* AppDelegate.swift in Sources */,
				8302FF5722192ADC00EB6DD9 /* ContentFileViewController.swift in Sources */,
				8302FF5522192AAE00EB6DD9 /* DetailsViewController.swift in Sources */,
				831E94212219934F00001F94 /* Repository.swift in Sources */,
				838FEC60221938AB00B57515 /* String+Extensions.swift in Sources */,
				8302FF5922192DA300EB6DD9 /* File.swift in Sources */,
				831E941F2219913100001F94 /* RepositoryCell.swift in Sources */,
			);
			runOnlyForDeploymentPostprocessing = 0;
		};
/* End PBXSourcesBuildPhase section */

/* Begin PBXVariantGroup section */
		8302FF4B221929E300EB6DD9 /* LaunchScreen.storyboard */ = {
			isa = PBXVariantGroup;
			children = (
				8302FF4C221929E300EB6DD9 /* Base */,
			);
			name = LaunchScreen.storyboard;
			sourceTree = "<group>";
		};
/* End PBXVariantGroup section */

/* Begin XCBuildConfiguration section */
		8302FF4F221929E300EB6DD9 /* Debug */ = {
			isa = XCBuildConfiguration;
			buildSettings = {
				ALWAYS_SEARCH_USER_PATHS = NO;
				CLANG_ANALYZER_NONNULL = YES;
				CLANG_ANALYZER_NUMBER_OBJECT_CONVERSION = YES_AGGRESSIVE;
				CLANG_CXX_LANGUAGE_STANDARD = "gnu++14";
				CLANG_CXX_LIBRARY = "libc++";
				CLANG_ENABLE_MODULES = YES;
				CLANG_ENABLE_OBJC_ARC = YES;
				CLANG_ENABLE_OBJC_WEAK = YES;
				CLANG_WARN_BLOCK_CAPTURE_AUTORELEASING = YES;
				CLANG_WARN_BOOL_CONVERSION = YES;
				CLANG_WARN_COMMA = YES;
				CLANG_WARN_CONSTANT_CONVERSION = YES;
				CLANG_WARN_DEPRECATED_OBJC_IMPLEMENTATIONS = YES;
				CLANG_WARN_DIRECT_OBJC_ISA_USAGE = YES_ERROR;
				CLANG_WARN_DOCUMENTATION_COMMENTS = YES;
				CLANG_WARN_EMPTY_BODY = YES;
				CLANG_WARN_ENUM_CONVERSION = YES;
				CLANG_WARN_INFINITE_RECURSION = YES;
				CLANG_WARN_INT_CONVERSION = YES;
				CLANG_WARN_NON_LITERAL_NULL_CONVERSION = YES;
				CLANG_WARN_OBJC_IMPLICIT_RETAIN_SELF = YES;
				CLANG_WARN_OBJC_LITERAL_CONVERSION = YES;
				CLANG_WARN_OBJC_ROOT_CLASS = YES_ERROR;
				CLANG_WARN_RANGE_LOOP_ANALYSIS = YES;
				CLANG_WARN_STRICT_PROTOTYPES = YES;
				CLANG_WARN_SUSPICIOUS_MOVE = YES;
				CLANG_WARN_UNGUARDED_AVAILABILITY = YES_AGGRESSIVE;
				CLANG_WARN_UNREACHABLE_CODE = YES;
				CLANG_WARN__DUPLICATE_METHOD_MATCH = YES;
				CODE_SIGN_IDENTITY = "iPhone Developer";
				COPY_PHASE_STRIP = NO;
				DEBUG_INFORMATION_FORMAT = dwarf;
				ENABLE_STRICT_OBJC_MSGSEND = YES;
				ENABLE_TESTABILITY = YES;
				GCC_C_LANGUAGE_STANDARD = gnu11;
				GCC_DYNAMIC_NO_PIC = NO;
				GCC_NO_COMMON_BLOCKS = YES;
				GCC_OPTIMIZATION_LEVEL = 0;
				GCC_PREPROCESSOR_DEFINITIONS = (
					"DEBUG=1",
					"$(inherited)",
				);
				GCC_WARN_64_TO_32_BIT_CONVERSION = YES;
				GCC_WARN_ABOUT_RETURN_TYPE = YES_ERROR;
				GCC_WARN_UNDECLARED_SELECTOR = YES;
				GCC_WARN_UNINITIALIZED_AUTOS = YES_AGGRESSIVE;
				GCC_WARN_UNUSED_FUNCTION = YES;
				GCC_WARN_UNUSED_VARIABLE = YES;
				IPHONEOS_DEPLOYMENT_TARGET = 12.1;
				MTL_ENABLE_DEBUG_INFO = INCLUDE_SOURCE;
				MTL_FAST_MATH = YES;
				ONLY_ACTIVE_ARCH = YES;
				SDKROOT = iphoneos;
				SWIFT_ACTIVE_COMPILATION_CONDITIONS = DEBUG;
				SWIFT_OPTIMIZATION_LEVEL = "-Onone";
			};
			name = Debug;
		};
		8302FF50221929E300EB6DD9 /* Release */ = {
			isa = XCBuildConfiguration;
			buildSettings = {
				ALWAYS_SEARCH_USER_PATHS = NO;
				CLANG_ANALYZER_NONNULL = YES;
				CLANG_ANALYZER_NUMBER_OBJECT_CONVERSION = YES_AGGRESSIVE;
				CLANG_CXX_LANGUAGE_STANDARD = "gnu++14";
				CLANG_CXX_LIBRARY = "libc++";
				CLANG_ENABLE_MODULES = YES;
				CLANG_ENABLE_OBJC_ARC = YES;
				CLANG_ENABLE_OBJC_WEAK = YES;
				CLANG_WARN_BLOCK_CAPTURE_AUTORELEASING = YES;
				CLANG_WARN_BOOL_CONVERSION = YES;
				CLANG_WARN_COMMA = YES;
				CLANG_WARN_CONSTANT_CONVERSION = YES;
				CLANG_WARN_DEPRECATED_OBJC_IMPLEMENTATIONS = YES;
				CLANG_WARN_DIRECT_OBJC_ISA_USAGE = YES_ERROR;
				CLANG_WARN_DOCUMENTATION_COMMENTS = YES;
				CLANG_WARN_EMPTY_BODY = YES;
				CLANG_WARN_ENUM_CONVERSION = YES;
				CLANG_WARN_INFINITE_RECURSION = YES;
				CLANG_WARN_INT_CONVERSION = YES;
				CLANG_WARN_NON_LITERAL_NULL_CONVERSION = YES;
				CLANG_WARN_OBJC_IMPLICIT_RETAIN_SELF = YES;
				CLANG_WARN_OBJC_LITERAL_CONVERSION = YES;
				CLANG_WARN_OBJC_ROOT_CLASS = YES_ERROR;
				CLANG_WARN_RANGE_LOOP_ANALYSIS = YES;
				CLANG_WARN_STRICT_PROTOTYPES = YES;
				CLANG_WARN_SUSPICIOUS_MOVE = YES;
				CLANG_WARN_UNGUARDED_AVAILABILITY = YES_AGGRESSIVE;
				CLANG_WARN_UNREACHABLE_CODE = YES;
				CLANG_WARN__DUPLICATE_METHOD_MATCH = YES;
				CODE_SIGN_IDENTITY = "iPhone Developer";
				COPY_PHASE_STRIP = NO;
				DEBUG_INFORMATION_FORMAT = "dwarf-with-dsym";
				ENABLE_NS_ASSERTIONS = NO;
				ENABLE_STRICT_OBJC_MSGSEND = YES;
				GCC_C_LANGUAGE_STANDARD = gnu11;
				GCC_NO_COMMON_BLOCKS = YES;
				GCC_WARN_64_TO_32_BIT_CONVERSION = YES;
				GCC_WARN_ABOUT_RETURN_TYPE = YES_ERROR;
				GCC_WARN_UNDECLARED_SELECTOR = YES;
				GCC_WARN_UNINITIALIZED_AUTOS = YES_AGGRESSIVE;
				GCC_WARN_UNUSED_FUNCTION = YES;
				GCC_WARN_UNUSED_VARIABLE = YES;
				IPHONEOS_DEPLOYMENT_TARGET = 12.1;
				MTL_ENABLE_DEBUG_INFO = NO;
				MTL_FAST_MATH = YES;
				SDKROOT = iphoneos;
				SWIFT_COMPILATION_MODE = wholemodule;
				SWIFT_OPTIMIZATION_LEVEL = "-O";
				VALIDATE_PRODUCT = YES;
			};
			name = Release;
		};
		8302FF52221929E300EB6DD9 /* Debug */ = {
			isa = XCBuildConfiguration;
			buildSettings = {
				ASSETCATALOG_COMPILER_APPICON_NAME = AppIcon;
				CODE_SIGN_STYLE = Automatic;
				DEVELOPMENT_TEAM = S8V3V9GFN2;
				FRAMEWORK_SEARCH_PATHS = (
					"$(inherited)",
					"$(PROJECT_DIR)/Carthage/Build/iOS",
				);
				INFOPLIST_FILE = "$(SRCROOT)/Repository/Config/Info.plist";
				LD_RUNPATH_SEARCH_PATHS = (
					"$(inherited)",
					"@executable_path/Frameworks",
				);
				PRODUCT_BUNDLE_IDENTIFIER = ro.mihaicris.Repository;
				PRODUCT_NAME = "$(TARGET_NAME)";
				SWIFT_VERSION = 4.2;
				TARGETED_DEVICE_FAMILY = "1,2";
			};
			name = Debug;
		};
		8302FF53221929E300EB6DD9 /* Release */ = {
			isa = XCBuildConfiguration;
			buildSettings = {
				ASSETCATALOG_COMPILER_APPICON_NAME = AppIcon;
				CODE_SIGN_STYLE = Automatic;
				DEVELOPMENT_TEAM = S8V3V9GFN2;
				FRAMEWORK_SEARCH_PATHS = (
					"$(inherited)",
					"$(PROJECT_DIR)/Carthage/Build/iOS",
				);
				INFOPLIST_FILE = "$(SRCROOT)/Repository/Config/Info.plist";
				LD_RUNPATH_SEARCH_PATHS = (
					"$(inherited)",
					"@executable_path/Frameworks",
				);
				PRODUCT_BUNDLE_IDENTIFIER = ro.mihaicris.Repository;
				PRODUCT_NAME = "$(TARGET_NAME)";
				SWIFT_VERSION = 4.2;
				TARGETED_DEVICE_FAMILY = "1,2";
			};
			name = Release;
		};
/* End XCBuildConfiguration section */

/* Begin XCConfigurationList section */
		8302FF3A221929E200EB6DD9 /* Build configuration list for PBXProject "Repository" */ = {
			isa = XCConfigurationList;
			buildConfigurations = (
				8302FF4F221929E300EB6DD9 /* Debug */,
				8302FF50221929E300EB6DD9 /* Release */,
			);
			defaultConfigurationIsVisible = 0;
			defaultConfigurationName = Release;
		};
		8302FF51221929E300EB6DD9 /* Build configuration list for PBXNativeTarget "Repository" */ = {
			isa = XCConfigurationList;
			buildConfigurations = (
				8302FF52221929E300EB6DD9 /* Debug */,
				8302FF53221929E300EB6DD9 /* Release */,
			);
			defaultConfigurationIsVisible = 0;
			defaultConfigurationName = Release;
		};
/* End XCConfigurationList section */
	};
	rootObject = 8302FF37221929E200EB6DD9 /* Project object */;
}
